
Microsoft Visual Studio Solution File, Format Version 12.00
# Visual Studio Version 16
VisualStudioVersion = 16.0.30907.101
MinimumVisualStudioVersion = 10.0.40219.1
Project("{8BC9CEB8-8B4A-11D0-8D11-00A0C91BC942}") = "LinkedList", "LinkedList.vcxproj", "{134E671E-7CB8-411A-9CC9-9F49309EBDFC}"
EndProject
Global
	GlobalSection(SolutionConfigurationPlatforms) = preSolution
		Debug|x64 = Debug|x64
		Debug|x86 = Debug|x86
		Release|x64 = Release|x64
		Release|x86 = Release|x86
	EndGlobalSection
	GlobalSection(ProjectConfigurationPlatforms) = postSolution
		{134E671E-7CB8-411A-9CC9-9F49309EBDFC}.Debug|x64.ActiveCfg = Debug|x64
		{134E671E-7CB8-411A-9CC9-9F49309EBDFC}.Debug|x64.Build.0 = Debug|x64
		{134E671E-7CB8-411A-9CC9-9F49309EBDFC}.Debug|x86.ActiveCfg = Debug|Win32
		{134E671E-7CB8-411A-9CC9-9F49309EBDFC}.Debug|x86.Build.0 = Debug|Win32
		{134E671E-7CB8-411A-9CC9-9F49309EBDFC}.Release|x64.ActiveCfg = Release|x64
		{134E671E-7CB8-411A-9CC9-9F49309EBDFC}.Release|x64.Build.0 = Release|x64
		{134E671E-7CB8-411A-9CC9-9F49309EBDFC}.Release|x86.ActiveCfg = Release|Win32
		{134E671E-7CB8-411A-9CC9-9F49309EBDFC}.Release|x86.Build.0 = Release|Win32
	EndGlobalSection
	GlobalSection(SolutionProperties) = preSolution
		HideSolutionNode = FALSE
	EndGlobalSection
	GlobalSection(ExtensibilityGlobals) = postSolution
		SolutionGuid = {D25C6AC5-1390-4923-99D6-E96F5EE74D10}
	EndGlobalSection
EndGlobal
